
Microsoft Visual Studio Solution File, Format Version 12.00
# Visual Studio Version 16
VisualStudioVersion = 16.0.31424.327
MinimumVisualStudioVersion = 10.0.40219.1
Project("{9A19103F-16F7-4668-BE54-9A1E7A4F7556}") = "ElasticsearchExtension", "ElasticsearchExtension\ElasticsearchExtension.csproj", "{685B0316-C436-4058-8B5D-19A4E8840379}"
EndProject
Project("{FAE04EC0-301F-11D3-BF4B-00C04F79EFBC}") = "ElasticSearchProject", "ElasticSearchProject\ElasticSearchProject.csproj", "{CFFFF5FC-258D-4BDA-ACC7-E2958205A978}"
	ProjectSection(ProjectDependencies) = postProject
		{685B0316-C436-4058-8B5D-19A4E8840379} = {685B0316-C436-4058-8B5D-19A4E8840379}
	EndProjectSection
EndProject
Project("{FAE04EC0-301F-11D3-BF4B-00C04F79EFBC}") = "ElasticSearchUtil", "ElasticSearchUtil\ElasticSearchUtil.csproj", "{5CB1C5FF-A20D-4E3D-9FA0-DC8B27A04298}"
EndProject
Global
	GlobalSection(SolutionConfigurationPlatforms) = preSolution
		Debug|Any CPU = Debug|Any CPU
		Release|Any CPU = Release|Any CPU
	EndGlobalSection
	GlobalSection(ProjectConfigurationPlatforms) = postSolution
		{685B0316-C436-4058-8B5D-19A4E8840379}.Debug|Any CPU.ActiveCfg = Debug|Any CPU
		{685B0316-C436-4058-8B5D-19A4E8840379}.Debug|Any CPU.Build.0 = Debug|Any CPU
		{685B0316-C436-4058-8B5D-19A4E8840379}.Release|Any CPU.ActiveCfg = Release|Any CPU
		{685B0316-C436-4058-8B5D-19A4E8840379}.Release|Any CPU.Build.0 = Release|Any CPU
		{CFFFF5FC-258D-4BDA-ACC7-E2958205A978}.Debug|Any CPU.ActiveCfg = Debug|Any CPU
		{CFFFF5FC-258D-4BDA-ACC7-E2958205A978}.Debug|Any CPU.Build.0 = Debug|Any CPU
		{CFFFF5FC-258D-4BDA-ACC7-E2958205A978}.Release|Any CPU.ActiveCfg = Release|Any CPU
		{CFFFF5FC-258D-4BDA-ACC7-E2958205A978}.Release|Any CPU.Build.0 = Release|Any CPU
		{5CB1C5FF-A20D-4E3D-9FA0-DC8B27A04298}.Debug|Any CPU.ActiveCfg = Debug|Any CPU
		{5CB1C5FF-A20D-4E3D-9FA0-DC8B27A04298}.Debug|Any CPU.Build.0 = Debug|Any CPU
		{5CB1C5FF-A20D-4E3D-9FA0-DC8B27A04298}.Release|Any CPU.ActiveCfg = Release|Any CPU
		{5CB1C5FF-A20D-4E3D-9FA0-DC8B27A04298}.Release|Any CPU.Build.0 = Release|Any CPU
	EndGlobalSection
	GlobalSection(SolutionProperties) = preSolution
		HideSolutionNode = FALSE
	EndGlobalSection
	GlobalSection(ExtensibilityGlobals) = postSolution
		SolutionGuid = {2A35180F-9D69-407E-9158-0687BD31CACA}
	EndGlobalSection
EndGlobal
